
Microsoft Visual Studio Solution File, Format Version 12.00
# Visual Studio Version 17
VisualStudioVersion = 17.6.33801.468
MinimumVisualStudioVersion = 10.0.40219.1
Project("{FAE04EC0-301F-11D3-BF4B-00C04F79EFBC}") = "ng-fate", "ng-fate\ng-fate.csproj", "{266E5B3A-6E98-4EBD-8EA7-9536ABCC1ACF}"
EndProject
Global
	GlobalSection(SolutionConfigurationPlatforms) = preSolution
		Debug|Any CPU = Debug|Any CPU
		Release|Any CPU = Release|Any CPU
	EndGlobalSection
	GlobalSection(ProjectConfigurationPlatforms) = postSolution
		{266E5B3A-6E98-4EBD-8EA7-9536ABCC1ACF}.Debug|Any CPU.ActiveCfg = Debug|Any CPU
		{266E5B3A-6E98-4EBD-8EA7-9536ABCC1ACF}.Debug|Any CPU.Build.0 = Debug|Any CPU
		{266E5B3A-6E98-4EBD-8EA7-9536ABCC1ACF}.Release|Any CPU.ActiveCfg = Release|Any CPU
		{266E5B3A-6E98-4EBD-8EA7-9536ABCC1ACF}.Release|Any CPU.Build.0 = Release|Any CPU
	EndGlobalSection
	GlobalSection(SolutionProperties) = preSolution
		HideSolutionNode = FALSE
	EndGlobalSection
	GlobalSection(ExtensibilityGlobals) = postSolution
		SolutionGuid = {A3C2FD3B-0FBD-4AF4-BCCF-25B6B5193FCA}
	EndGlobalSection
EndGlobal
